
Microsoft Visual Studio Solution File, Format Version 12.00
# Visual Studio 15
VisualStudioVersion = 15.0.26228.4
MinimumVisualStudioVersion = 10.0.40219.1
Project("{FAE04EC0-301F-11D3-BF4B-00C04F79EFBC}") = "FileWatcherService", "FileWatcherService\FileWatcherService.csproj", "{22F9BCBF-0572-426B-A0DE-BD54DFE82148}"
EndProject
Global
	GlobalSection(SolutionConfigurationPlatforms) = preSolution
		Debug|Any CPU = Debug|Any CPU
		Release|Any CPU = Release|Any CPU
	EndGlobalSection
	GlobalSection(ProjectConfigurationPlatforms) = postSolution
		{22F9BCBF-0572-426B-A0DE-BD54DFE82148}.Debug|Any CPU.ActiveCfg = Debug|Any CPU
		{22F9BCBF-0572-426B-A0DE-BD54DFE82148}.Debug|Any CPU.Build.0 = Debug|Any CPU
		{22F9BCBF-0572-426B-A0DE-BD54DFE82148}.Release|Any CPU.ActiveCfg = Release|Any CPU
		{22F9BCBF-0572-426B-A0DE-BD54DFE82148}.Release|Any CPU.Build.0 = Release|Any CPU
	EndGlobalSection
	GlobalSection(SolutionProperties) = preSolution
		HideSolutionNode = FALSE
	EndGlobalSection
EndGlobal
